PODS:
  - AEXML (4.0.0)
  - FolioReaderKit (0.7.0):
    - AEXML
    - FontBlaster
    - JSQWebViewController
    - RealmSwift
    - SSZipArchive
    - UIMenuItem-CXAImageSupport
    - ZFDragableModalTransition
  - FontBlaster (3.0.0)
  - JSQWebViewController (4.0.0)
  - Nimble (4.1.0)
  - Quick (0.9.3)
  - Realm (1.1.0):
    - Realm/Headers (= 1.1.0)
  - Realm/Headers (1.1.0)
  - RealmSwift (1.1.0):
    - Realm (= 1.1.0)
  - SSZipArchive (1.6.1)
  - UIMenuItem-CXAImageSupport (0.0.1)
  - ZFDragableModalTransition (0.6)

DEPENDENCIES:
  - FolioReaderKit (from `../`)
  - Nimble
  - Quick

EXTERNAL SOURCES:
  FolioReaderKit:
    :path: "../"

SPEC CHECKSUMS:
  AEXML: 6fc6433aa35bdc15dd8eb8d54eb7aa4520a010eb
  FolioReaderKit: 490e17a79986704ee431fe1c307eb38da243d592
  FontBlaster: 0f4a3e2f965968e2dfc3f7f5cec7214c3f3b2f07
  JSQWebViewController: f5e053a30fe27d3bb0c66636935918077d4b98b8
  Nimble: 97a0a4cae5124c117115634b2d055d8c97d0af19
  Quick: 13a2a2b19a5d8e3ed4fd0c36ee46597fd77ebf71
  Realm: ceecf1a4540c4ce9efe196fe73fa9855bce05bd8
  RealmSwift: 838058b2db95b12cb86bd0cf209df642c33fb60a
  SSZipArchive: 0847403f612553a361f9b44f1c7e135cefbc668d
  UIMenuItem-CXAImageSupport: 2945e2af4487414caad801ed8ff6ac8db274e986
  ZFDragableModalTransition: 0d294eaaba6edfcb9839595de765f9ca06a4b524

PODFILE CHECKSUM: 7bafcb0eb37bf78bf161a6ebcb80be176777e3a8

COCOAPODS: 1.0.1
